
Microsoft Visual Studio Solution File, Format Version 12.00
# Visual Studio Version 17
VisualStudioVersion = 17.5.33530.505
MinimumVisualStudioVersion = 10.0.40219.1
Project("{FAE04EC0-301F-11D3-BF4B-00C04F79EFBC}") = "Server", "Server.csproj", "{4ED166BD-7E67-42CB-B1B7-F99CA5D78A46}"
EndProject
Project("{9A19103F-16F7-4668-BE54-9A1E7A4F7556}") = "Client", "..\Client\Client.csproj", "{889284AC-9919-4E38-94B5-1C0BDBCBA364}"
EndProject
Global
	GlobalSection(SolutionConfigurationPlatforms) = preSolution
		Debug|Any CPU = Debug|Any CPU
		Release|Any CPU = Release|Any CPU
	EndGlobalSection
	GlobalSection(ProjectConfigurationPlatforms) = postSolution
		{4ED166BD-7E67-42CB-B1B7-F99CA5D78A46}.Debug|Any CPU.ActiveCfg = Debug|Any CPU
		{4ED166BD-7E67-42CB-B1B7-F99CA5D78A46}.Debug|Any CPU.Build.0 = Debug|Any CPU
		{4ED166BD-7E67-42CB-B1B7-F99CA5D78A46}.Release|Any CPU.ActiveCfg = Release|Any CPU
		{4ED166BD-7E67-42CB-B1B7-F99CA5D78A46}.Release|Any CPU.Build.0 = Release|Any CPU
		{889284AC-9919-4E38-94B5-1C0BDBCBA364}.Debug|Any CPU.ActiveCfg = Debug|Any CPU
		{889284AC-9919-4E38-94B5-1C0BDBCBA364}.Debug|Any CPU.Build.0 = Debug|Any CPU
		{889284AC-9919-4E38-94B5-1C0BDBCBA364}.Release|Any CPU.ActiveCfg = Release|Any CPU
		{889284AC-9919-4E38-94B5-1C0BDBCBA364}.Release|Any CPU.Build.0 = Release|Any CPU
	EndGlobalSection
	GlobalSection(SolutionProperties) = preSolution
		HideSolutionNode = FALSE
	EndGlobalSection
	GlobalSection(ExtensibilityGlobals) = postSolution
		SolutionGuid = {F45944D5-3074-436C-8392-A06DC2DAB069}
	EndGlobalSection
EndGlobal
